
Microsoft Visual Studio Solution File, Format Version 12.00
# Visual Studio 14
VisualStudioVersion = 14.0.25123.0
MinimumVisualStudioVersion = 10.0.40219.1
Project("{FAE04EC0-301F-11D3-BF4B-00C04F79EFBC}") = "MobileApp.Droid", "MobileApp\MobileApp.Droid\MobileApp.Droid.csproj", "{9425224F-CB39-4B92-BDE3-9E63F0712ACD}"
EndProject
Project("{FAE04EC0-301F-11D3-BF4B-00C04F79EFBC}") = "MobileApp.iOS", "MobileApp\MobileApp.iOS\MobileApp.iOS.csproj", "{3BE234C8-EECC-47CB-80F3-72A51A051113}"
EndProject
Project("{FAE04EC0-301F-11D3-BF4B-00C04F79EFBC}") = "MobileApp.WinPhone", "MobileApp\MobileApp.WinPhone\MobileApp.WinPhone.csproj", "{C640E049-EAFB-4E58-A6CB-3349D3ABA5FB}"
EndProject
Project("{FAE04EC0-301F-11D3-BF4B-00C04F79EFBC}") = "MobileApp.Windows", "MobileApp\MobileApp.Windows\MobileApp.Windows.csproj", "{BB0B6E37-91AA-452D-8B63-AD08BC0DB001}"
EndProject
Project("{FAE04EC0-301F-11D3-BF4B-00C04F79EFBC}") = "MobileApp", "MobileApp\MobileApp\MobileApp.csproj", "{B82AF076-569F-4816-9F10-FD68576E382A}"
EndProject
Global
	GlobalSection(SolutionConfigurationPlatforms) = preSolution
		Ad-Hoc|Any CPU = Ad-Hoc|Any CPU
		Ad-Hoc|ARM = Ad-Hoc|ARM
		Ad-Hoc|iPhone = Ad-Hoc|iPhone
		Ad-Hoc|iPhoneSimulator = Ad-Hoc|iPhoneSimulator
		Ad-Hoc|x64 = Ad-Hoc|x64
		Ad-Hoc|x86 = Ad-Hoc|x86
		AppStore|Any CPU = AppStore|Any CPU
		AppStore|ARM = AppStore|ARM
		AppStore|iPhone = AppStore|iPhone
		AppStore|iPhoneSimulator = AppStore|iPhoneSimulator
		AppStore|x64 = AppStore|x64
		AppStore|x86 = AppStore|x86
		Debug|Any CPU = Debug|Any CPU
		Debug|ARM = Debug|ARM
		Debug|iPhone = Debug|iPhone
		Debug|iPhoneSimulator = Debug|iPhoneSimulator
		Debug|x64 = Debug|x64
		Debug|x86 = Debug|x86
		Release|Any CPU = Release|Any CPU
		Release|ARM = Release|ARM
		Release|iPhone = Release|iPhone
		Release|iPhoneSimulator = Release|iPhoneSimulator
		Release|x64 = Release|x64
		Release|x86 = Release|x86
	EndGlobalSection
	GlobalSection(ProjectConfigurationPlatforms) = postSolution
		{9425224F-CB39-4B92-BDE3-9E63F0712ACD}.Ad-Hoc|Any CPU.ActiveCfg = Release|Any CPU
		{9425224F-CB39-4B92-BDE3-9E63F0712ACD}.Ad-Hoc|Any CPU.Build.0 = Release|Any CPU
		{9425224F-CB39-4B92-BDE3-9E63F0712ACD}.Ad-Hoc|Any CPU.Deploy.0 = Release|Any CPU
		{9425224F-CB39-4B92-BDE3-9E63F0712ACD}.Ad-Hoc|ARM.ActiveCfg = Release|Any CPU
		{9425224F-CB39-4B92-BDE3-9E63F0712ACD}.Ad-Hoc|ARM.Build.0 = Release|Any CPU
		{9425224F-CB39-4B92-BDE3-9E63F0712ACD}.Ad-Hoc|ARM.Deploy.0 = Release|Any CPU
		{9425224F-CB39-4B92-BDE3-9E63F0712ACD}.Ad-Hoc|iPhone.ActiveCfg = Release|Any CPU
		{9425224F-CB39-4B92-BDE3-9E63F0712ACD}.Ad-Hoc|iPhone.Build.0 = Release|Any CPU
		{9425224F-CB39-4B92-BDE3-9E63F0712ACD}.Ad-Hoc|iPhone.Deploy.0 = Release|Any CPU
		{9425224F-CB39-4B92-BDE3-9E63F0712ACD}.Ad-Hoc|iPhoneSimulator.ActiveCfg = Release|Any CPU
		{9425224F-CB39-4B92-BDE3-9E63F0712ACD}.Ad-Hoc|iPhoneSimulator.Build.0 = Release|Any CPU
		{9425224F-CB39-4B92-BDE3-9E63F0712ACD}.Ad-Hoc|iPhoneSimulator.Deploy.0 = Release|Any CPU
		{9425224F-CB39-4B92-BDE3-9E63F0712ACD}.Ad-Hoc|x64.ActiveCfg = Release|Any CPU
		{9425224F-CB39-4B92-BDE3-9E63F0712ACD}.Ad-Hoc|x64.Build.0 = Release|Any CPU
		{9425224F-CB39-4B92-BDE3-9E63F0712ACD}.Ad-Hoc|x64.Deploy.0 = Release|Any CPU
		{9425224F-CB39-4B92-BDE3-9E63F0712ACD}.Ad-Hoc|x86.ActiveCfg = Release|Any CPU
		{9425224F-CB39-4B92-BDE3-9E63F0712ACD}.Ad-Hoc|x86.Build.0 = Release|Any CPU
		{9425224F-CB39-4B92-BDE3-9E63F0712ACD}.Ad-Hoc|x86.Deploy.0 = Release|Any CPU
		{9425224F-CB39-4B92-BDE3-9E63F0712ACD}.AppStore|Any CPU.ActiveCfg = Release|Any CPU
		{9425224F-CB39-4B92-BDE3-9E63F0712ACD}.AppStore|Any CPU.Build.0 = Release|Any CPU
		{9425224F-CB39-4B92-BDE3-9E63F0712ACD}.AppStore|Any CPU.Deploy.0 = Release|Any CPU
		{9425224F-CB39-4B92-BDE3-9E63F0712ACD}.AppStore|ARM.ActiveCfg = Release|Any CPU
		{9425224F-CB39-4B92-BDE3-9E63F0712ACD}.AppStore|ARM.Build.0 = Release|Any CPU
		{9425224F-CB39-4B92-BDE3-9E63F0712ACD}.AppStore|ARM.Deploy.0 = Release|Any CPU
		{9425224F-CB39-4B92-BDE3-9E63F0712ACD}.AppStore|iPhone.ActiveCfg = Release|Any CPU
		{9425224F-CB39-4B92-BDE3-9E63F0712ACD}.AppStore|iPhone.Build.0 = Release|Any CPU
		{9425224F-CB39-4B92-BDE3-9E63F0712ACD}.AppStore|iPhone.Deploy.0 = Release|Any CPU
		{9425224F-CB39-4B92-BDE3-9E63F0712ACD}.AppStore|iPhoneSimulator.ActiveCfg = Release|Any CPU
		{9425224F-CB39-4B92-BDE3-9E63F0712ACD}.AppStore|iPhoneSimulator.Build.0 = Release|Any CPU
		{9425224F-CB39-4B92-BDE3-9E63F0712ACD}.AppStore|iPhoneSimulator.Deploy.0 = Release|Any CPU
		{9425224F-CB39-4B92-BDE3-9E63F0712ACD}.AppStore|x64.ActiveCfg = Release|Any CPU
		{9425224F-CB39-4B92-BDE3-9E63F0712ACD}.AppStore|x64.Build.0 = Release|Any CPU
		{9425224F-CB39-4B92-BDE3-9E63F0712ACD}.AppStore|x64.Deploy.0 = Release|Any CPU
		{9425224F-CB39-4B92-BDE3-9E63F0712ACD}.AppStore|x86.ActiveCfg = Release|Any CPU
		{9425224F-CB39-4B92-BDE3-9E63F0712ACD}.AppStore|x86.Build.0 = Release|Any CPU
		{9425224F-CB39-4B92-BDE3-9E63F0712ACD}.AppStore|x86.Deploy.0 = Release|Any CPU
		{9425224F-CB39-4B92-BDE3-9E63F0712ACD}.Debug|Any CPU.ActiveCfg = Debug|Any CPU
		{9425224F-CB39-4B92-BDE3-9E63F0712ACD}.Debug|Any CPU.Build.0 = Debug|Any CPU
		{9425224F-CB39-4B92-BDE3-9E63F0712ACD}.Debug|Any CPU.Deploy.0 = Debug|Any CPU
		{9425224F-CB39-4B92-BDE3-9E63F0712ACD}.Debug|ARM.ActiveCfg = Debug|Any CPU
		{9425224F-CB39-4B92-BDE3-9E63F0712ACD}.Debug|ARM.Build.0 = Debug|Any CPU
		{9425224F-CB39-4B92-BDE3-9E63F0712ACD}.Debug|ARM.Deploy.0 = Debug|Any CPU
		{9425224F-CB39-4B92-BDE3-9E63F0712ACD}.Debug|iPhone.ActiveCfg = Debug|Any CPU
		{9425224F-CB39-4B92-BDE3-9E63F0712ACD}.Debug|iPhone.Build.0 = Debug|Any CPU
		{9425224F-CB39-4B92-BDE3-9E63F0712ACD}.Debug|iPhone.Deploy.0 = Debug|Any CPU
		{9425224F-CB39-4B92-BDE3-9E63F0712ACD}.Debug|iPhoneSimulator.ActiveCfg = Debug|Any CPU
		{9425224F-CB39-4B92-BDE3-9E63F0712ACD}.Debug|iPhoneSimulator.Build.0 = Debug|Any CPU
		{9425224F-CB39-4B92-BDE3-9E63F0712ACD}.Debug|iPhoneSimulator.Deploy.0 = Debug|Any CPU
		{9425224F-CB39-4B92-BDE3-9E63F0712ACD}.Debug|x64.ActiveCfg = Debug|Any CPU
		{9425224F-CB39-4B92-BDE3-9E63F0712ACD}.Debug|x64.Build.0 = Debug|Any CPU
		{9425224F-CB39-4B92-BDE3-9E63F0712ACD}.Debug|x64.Deploy.0 = Debug|Any CPU
		{9425224F-CB39-4B92-BDE3-9E63F0712ACD}.Debug|x86.ActiveCfg = Debug|Any CPU
		{9425224F-CB39-4B92-BDE3-9E63F0712ACD}.Debug|x86.Build.0 = Debug|Any CPU
		{9425224F-CB39-4B92-BDE3-9E63F0712ACD}.Debug|x86.Deploy.0 = Debug|Any CPU
		{9425224F-CB39-4B92-BDE3-9E63F0712ACD}.Release|Any CPU.ActiveCfg = Release|Any CPU
		{9425224F-CB39-4B92-BDE3-9E63F0712ACD}.Release|Any CPU.Build.0 = Release|Any CPU
		{9425224F-CB39-4B92-BDE3-9E63F0712ACD}.Release|Any CPU.Deploy.0 = Release|Any CPU
		{9425224F-CB39-4B92-BDE3-9E63F0712ACD}.Release|ARM.ActiveCfg = Release|Any CPU
		{9425224F-CB39-4B92-BDE3-9E63F0712ACD}.Release|ARM.Build.0 = Release|Any CPU
		{9425224F-CB39-4B92-BDE3-9E63F0712ACD}.Release|ARM.Deploy.0 = Release|Any CPU
		{9425224F-CB39-4B92-BDE3-9E63F0712ACD}.Release|iPhone.ActiveCfg = Release|Any CPU
		{9425224F-CB39-4B92-BDE3-9E63F0712ACD}.Release|iPhone.Build.0 = Release|Any CPU
		{9425224F-CB39-4B92-BDE3-9E63F0712ACD}.Release|iPhone.Deploy.0 = Release|Any CPU
		{9425224F-CB39-4B92-BDE3-9E63F0712ACD}.Release|iPhoneSimulator.ActiveCfg = Release|Any CPU
		{9425224F-CB39-4B92-BDE3-9E63F0712ACD}.Release|iPhoneSimulator.Build.0 = Release|Any CPU
		{9425224F-CB39-4B92-BDE3-9E63F0712ACD}.Release|iPhoneSimulator.Deploy.0 = Release|Any CPU
		{9425224F-CB39-4B92-BDE3-9E63F0712ACD}.Release|x64.ActiveCfg = Release|Any CPU
		{9425224F-CB39-4B92-BDE3-9E63F0712ACD}.Release|x64.Build.0 = Release|Any CPU
		{9425224F-CB39-4B92-BDE3-9E63F0712ACD}.Release|x64.Deploy.0 = Release|Any CPU
		{9425224F-CB39-4B92-BDE3-9E63F0712ACD}.Release|x86.ActiveCfg = Release|Any CPU
		{9425224F-CB39-4B92-BDE3-9E63F0712ACD}.Release|x86.Build.0 = Release|Any CPU
		{9425224F-CB39-4B92-BDE3-9E63F0712ACD}.Release|x86.Deploy.0 = Release|Any CPU
		{3BE234C8-EECC-47CB-80F3-72A51A051113}.Ad-Hoc|Any CPU.ActiveCfg = Ad-Hoc|iPhone
		{3BE234C8-EECC-47CB-80F3-72A51A051113}.Ad-Hoc|ARM.ActiveCfg = Ad-Hoc|iPhone
		{3BE234C8-EECC-47CB-80F3-72A51A051113}.Ad-Hoc|iPhone.ActiveCfg = Ad-Hoc|iPhone
		{3BE234C8-EECC-47CB-80F3-72A51A051113}.Ad-Hoc|iPhone.Build.0 = Ad-Hoc|iPhone
		{3BE234C8-EECC-47CB-80F3-72A51A051113}.Ad-Hoc|iPhoneSimulator.ActiveCfg = Ad-Hoc|iPhoneSimulator
		{3BE234C8-EECC-47CB-80F3-72A51A051113}.Ad-Hoc|iPhoneSimulator.Build.0 = Ad-Hoc|iPhoneSimulator
		{3BE234C8-EECC-47CB-80F3-72A51A051113}.Ad-Hoc|x64.ActiveCfg = Ad-Hoc|iPhone
		{3BE234C8-EECC-47CB-80F3-72A51A051113}.Ad-Hoc|x86.ActiveCfg = Ad-Hoc|iPhone
		{3BE234C8-EECC-47CB-80F3-72A51A051113}.AppStore|Any CPU.ActiveCfg = AppStore|iPhone
		{3BE234C8-EECC-47CB-80F3-72A51A051113}.AppStore|ARM.ActiveCfg = AppStore|iPhone
		{3BE234C8-EECC-47CB-80F3-72A51A051113}.AppStore|iPhone.ActiveCfg = AppStore|iPhone
		{3BE234C8-EECC-47CB-80F3-72A51A051113}.AppStore|iPhone.Build.0 = AppStore|iPhone
		{3BE234C8-EECC-47CB-80F3-72A51A051113}.AppStore|iPhoneSimulator.ActiveCfg = AppStore|iPhoneSimulator
		{3BE234C8-EECC-47CB-80F3-72A51A051113}.AppStore|iPhoneSimulator.Build.0 = AppStore|iPhoneSimulator
		{3BE234C8-EECC-47CB-80F3-72A51A051113}.AppStore|x64.ActiveCfg = AppStore|iPhone
		{3BE234C8-EECC-47CB-80F3-72A51A051113}.AppStore|x86.ActiveCfg = AppStore|iPhone
		{3BE234C8-EECC-47CB-80F3-72A51A051113}.Debug|Any CPU.ActiveCfg = Debug|iPhone
		{3BE234C8-EECC-47CB-80F3-72A51A051113}.Debug|ARM.ActiveCfg = Debug|iPhone
		{3BE234C8-EECC-47CB-80F3-72A51A051113}.Debug|iPhone.ActiveCfg = Debug|iPhone
		{3BE234C8-EECC-47CB-80F3-72A51A051113}.Debug|iPhone.Build.0 = Debug|iPhone
		{3BE234C8-EECC-47CB-80F3-72A51A051113}.Debug|iPhoneSimulator.ActiveCfg = Debug|iPhoneSimulator
		{3BE234C8-EECC-47CB-80F3-72A51A051113}.Debug|iPhoneSimulator.Build.0 = Debug|iPhoneSimulator
		{3BE234C8-EECC-47CB-80F3-72A51A051113}.Debug|x64.ActiveCfg = Debug|iPhone
		{3BE234C8-EECC-47CB-80F3-72A51A051113}.Debug|x86.ActiveCfg = Debug|iPhone
		{3BE234C8-EECC-47CB-80F3-72A51A051113}.Release|Any CPU.ActiveCfg = Release|iPhone
		{3BE234C8-EECC-47CB-80F3-72A51A051113}.Release|ARM.ActiveCfg = Release|iPhone
		{3BE234C8-EECC-47CB-80F3-72A51A051113}.Release|iPhone.ActiveCfg = Release|iPhone
		{3BE234C8-EECC-47CB-80F3-72A51A051113}.Release|iPhone.Build.0 = Release|iPhone
		{3BE234C8-EECC-47CB-80F3-72A51A051113}.Release|iPhoneSimulator.ActiveCfg = Release|iPhoneSimulator
		{3BE234C8-EECC-47CB-80F3-72A51A051113}.Release|iPhoneSimulator.Build.0 = Release|iPhoneSimulator
		{3BE234C8-EECC-47CB-80F3-72A51A051113}.Release|x64.ActiveCfg = Release|iPhone
		{3BE234C8-EECC-47CB-80F3-72A51A051113}.Release|x86.ActiveCfg = Release|iPhone
		{C640E049-EAFB-4E58-A6CB-3349D3ABA5FB}.Ad-Hoc|Any CPU.ActiveCfg = Release|Any CPU
		{C640E049-EAFB-4E58-A6CB-3349D3ABA5FB}.Ad-Hoc|Any CPU.Build.0 = Release|Any CPU
		{C640E049-EAFB-4E58-A6CB-3349D3ABA5FB}.Ad-Hoc|Any CPU.Deploy.0 = Release|Any CPU
		{C640E049-EAFB-4E58-A6CB-3349D3ABA5FB}.Ad-Hoc|ARM.ActiveCfg = Release|ARM
		{C640E049-EAFB-4E58-A6CB-3349D3ABA5FB}.Ad-Hoc|ARM.Build.0 = Release|ARM
		{C640E049-EAFB-4E58-A6CB-3349D3ABA5FB}.Ad-Hoc|ARM.Deploy.0 = Release|ARM
		{C640E049-EAFB-4E58-A6CB-3349D3ABA5FB}.Ad-Hoc|iPhone.ActiveCfg = Release|Any CPU
		{C640E049-EAFB-4E58-A6CB-3349D3ABA5FB}.Ad-Hoc|iPhone.Build.0 = Release|Any CPU
		{C640E049-EAFB-4E58-A6CB-3349D3ABA5FB}.Ad-Hoc|iPhone.Deploy.0 = Release|Any CPU
		{C640E049-EAFB-4E58-A6CB-3349D3ABA5FB}.Ad-Hoc|iPhoneSimulator.ActiveCfg = Release|Any CPU
		{C640E049-EAFB-4E58-A6CB-3349D3ABA5FB}.Ad-Hoc|iPhoneSimulator.Build.0 = Release|Any CPU
		{C640E049-EAFB-4E58-A6CB-3349D3ABA5FB}.Ad-Hoc|iPhoneSimulator.Deploy.0 = Release|Any CPU
		{C640E049-EAFB-4E58-A6CB-3349D3ABA5FB}.Ad-Hoc|x64.ActiveCfg = Release|Any CPU
		{C640E049-EAFB-4E58-A6CB-3349D3ABA5FB}.Ad-Hoc|x64.Build.0 = Release|Any CPU
		{C640E049-EAFB-4E58-A6CB-3349D3ABA5FB}.Ad-Hoc|x64.Deploy.0 = Release|Any CPU
		{C640E049-EAFB-4E58-A6CB-3349D3ABA5FB}.Ad-Hoc|x86.ActiveCfg = Release|x86
		{C640E049-EAFB-4E58-A6CB-3349D3ABA5FB}.Ad-Hoc|x86.Build.0 = Release|x86
		{C640E049-EAFB-4E58-A6CB-3349D3ABA5FB}.Ad-Hoc|x86.Deploy.0 = Release|x86
		{C640E049-EAFB-4E58-A6CB-3349D3ABA5FB}.AppStore|Any CPU.ActiveCfg = Release|Any CPU
		{C640E049-EAFB-4E58-A6CB-3349D3ABA5FB}.AppStore|Any CPU.Build.0 = Release|Any CPU
		{C640E049-EAFB-4E58-A6CB-3349D3ABA5FB}.AppStore|Any CPU.Deploy.0 = Release|Any CPU
		{C640E049-EAFB-4E58-A6CB-3349D3ABA5FB}.AppStore|ARM.ActiveCfg = Release|ARM
		{C640E049-EAFB-4E58-A6CB-3349D3ABA5FB}.AppStore|ARM.Build.0 = Release|ARM
		{C640E049-EAFB-4E58-A6CB-3349D3ABA5FB}.AppStore|ARM.Deploy.0 = Release|ARM
		{C640E049-EAFB-4E58-A6CB-3349D3ABA5FB}.AppStore|iPhone.ActiveCfg = Release|Any CPU
		{C640E049-EAFB-4E58-A6CB-3349D3ABA5FB}.AppStore|iPhone.Build.0 = Release|Any CPU
		{C640E049-EAFB-4E58-A6CB-3349D3ABA5FB}.AppStore|iPhone.Deploy.0 = Release|Any CPU
		{C640E049-EAFB-4E58-A6CB-3349D3ABA5FB}.AppStore|iPhoneSimulator.ActiveCfg = Release|Any CPU
		{C640E049-EAFB-4E58-A6CB-3349D3ABA5FB}.AppStore|iPhoneSimulator.Build.0 = Release|Any CPU
		{C640E049-EAFB-4E58-A6CB-3349D3ABA5FB}.AppStore|iPhoneSimulator.Deploy.0 = Release|Any CPU
		{C640E049-EAFB-4E58-A6CB-3349D3ABA5FB}.AppStore|x64.ActiveCfg = Release|Any CPU
		{C640E049-EAFB-4E58-A6CB-3349D3ABA5FB}.AppStore|x64.Build.0 = Release|Any CPU
		{C640E049-EAFB-4E58-A6CB-3349D3ABA5FB}.AppStore|x64.Deploy.0 = Release|Any CPU
		{C640E049-EAFB-4E58-A6CB-3349D3ABA5FB}.AppStore|x86.ActiveCfg = Release|x86
		{C640E049-EAFB-4E58-A6CB-3349D3ABA5FB}.AppStore|x86.Build.0 = Release|x86
		{C640E049-EAFB-4E58-A6CB-3349D3ABA5FB}.AppStore|x86.Deploy.0 = Release|x86
		{C640E049-EAFB-4E58-A6CB-3349D3ABA5FB}.Debug|Any CPU.ActiveCfg = Debug|Any CPU
		{C640E049-EAFB-4E58-A6CB-3349D3ABA5FB}.Debug|Any CPU.Build.0 = Debug|Any CPU
		{C640E049-EAFB-4E58-A6CB-3349D3ABA5FB}.Debug|Any CPU.Deploy.0 = Debug|Any CPU
		{C640E049-EAFB-4E58-A6CB-3349D3ABA5FB}.Debug|ARM.ActiveCfg = Debug|ARM
		{C640E049-EAFB-4E58-A6CB-3349D3ABA5FB}.Debug|ARM.Build.0 = Debug|ARM
		{C640E049-EAFB-4E58-A6CB-3349D3ABA5FB}.Debug|ARM.Deploy.0 = Debug|ARM
		{C640E049-EAFB-4E58-A6CB-3349D3ABA5FB}.Debug|iPhone.ActiveCfg = Debug|Any CPU
		{C640E049-EAFB-4E58-A6CB-3349D3ABA5FB}.Debug|iPhone.Build.0 = Debug|Any CPU
		{C640E049-EAFB-4E58-A6CB-3349D3ABA5FB}.Debug|iPhone.Deploy.0 = Debug|Any CPU
		{C640E049-EAFB-4E58-A6CB-3349D3ABA5FB}.Debug|iPhoneSimulator.ActiveCfg = Debug|Any CPU
		{C640E049-EAFB-4E58-A6CB-3349D3ABA5FB}.Debug|iPhoneSimulator.Build.0 = Debug|Any CPU
		{C640E049-EAFB-4E58-A6CB-3349D3ABA5FB}.Debug|iPhoneSimulator.Deploy.0 = Debug|Any CPU
		{C640E049-EAFB-4E58-A6CB-3349D3ABA5FB}.Debug|x64.ActiveCfg = Debug|Any CPU
		{C640E049-EAFB-4E58-A6CB-3349D3ABA5FB}.Debug|x64.Build.0 = Debug|Any CPU
		{C640E049-EAFB-4E58-A6CB-3349D3ABA5FB}.Debug|x64.Deploy.0 = Debug|Any CPU
		{C640E049-EAFB-4E58-A6CB-3349D3ABA5FB}.Debug|x86.ActiveCfg = Debug|x86
		{C640E049-EAFB-4E58-A6CB-3349D3ABA5FB}.Debug|x86.Build.0 = Debug|x86
		{C640E049-EAFB-4E58-A6CB-3349D3ABA5FB}.Debug|x86.Deploy.0 = Debug|x86
		{C640E049-EAFB-4E58-A6CB-3349D3ABA5FB}.Release|Any CPU.ActiveCfg = Release|Any CPU
		{C640E049-EAFB-4E58-A6CB-3349D3ABA5FB}.Release|Any CPU.Build.0 = Release|Any CPU
		{C640E049-EAFB-4E58-A6CB-3349D3ABA5FB}.Release|Any CPU.Deploy.0 = Release|Any CPU
		{C640E049-EAFB-4E58-A6CB-3349D3ABA5FB}.Release|ARM.ActiveCfg = Release|ARM
		{C640E049-EAFB-4E58-A6CB-3349D3ABA5FB}.Release|ARM.Build.0 = Release|ARM
		{C640E049-EAFB-4E58-A6CB-3349D3ABA5FB}.Release|ARM.Deploy.0 = Release|ARM
		{C640E049-EAFB-4E58-A6CB-3349D3ABA5FB}.Release|iPhone.ActiveCfg = Release|Any CPU
		{C640E049-EAFB-4E58-A6CB-3349D3ABA5FB}.Release|iPhone.Build.0 = Release|Any CPU
		{C640E049-EAFB-4E58-A6CB-3349D3ABA5FB}.Release|iPhone.Deploy.0 = Release|Any CPU
		{C640E049-EAFB-4E58-A6CB-3349D3ABA5FB}.Release|iPhoneSimulator.ActiveCfg = Release|Any CPU
		{C640E049-EAFB-4E58-A6CB-3349D3ABA5FB}.Release|iPhoneSimulator.Build.0 = Release|Any CPU
		{C640E049-EAFB-4E58-A6CB-3349D3ABA5FB}.Release|iPhoneSimulator.Deploy.0 = Release|Any CPU
		{C640E049-EAFB-4E58-A6CB-3349D3ABA5FB}.Release|x64.ActiveCfg = Release|Any CPU
		{C640E049-EAFB-4E58-A6CB-3349D3ABA5FB}.Release|x64.Build.0 = Release|Any CPU
		{C640E049-EAFB-4E58-A6CB-3349D3ABA5FB}.Release|x64.Deploy.0 = Release|Any CPU
		{C640E049-EAFB-4E58-A6CB-3349D3ABA5FB}.Release|x86.ActiveCfg = Release|x86
		{C640E049-EAFB-4E58-A6CB-3349D3ABA5FB}.Release|x86.Build.0 = Release|x86
		{C640E049-EAFB-4E58-A6CB-3349D3ABA5FB}.Release|x86.Deploy.0 = Release|x86
		{BB0B6E37-91AA-452D-8B63-AD08BC0DB001}.Ad-Hoc|Any CPU.ActiveCfg = Release|Any CPU
		{BB0B6E37-91AA-452D-8B63-AD08BC0DB001}.Ad-Hoc|Any CPU.Build.0 = Release|Any CPU
		{BB0B6E37-91AA-452D-8B63-AD08BC0DB001}.Ad-Hoc|Any CPU.Deploy.0 = Release|Any CPU
		{BB0B6E37-91AA-452D-8B63-AD08BC0DB001}.Ad-Hoc|ARM.ActiveCfg = Release|ARM
		{BB0B6E37-91AA-452D-8B63-AD08BC0DB001}.Ad-Hoc|ARM.Build.0 = Release|ARM
		{BB0B6E37-91AA-452D-8B63-AD08BC0DB001}.Ad-Hoc|ARM.Deploy.0 = Release|ARM
		{BB0B6E37-91AA-452D-8B63-AD08BC0DB001}.Ad-Hoc|iPhone.ActiveCfg = Release|Any CPU
		{BB0B6E37-91AA-452D-8B63-AD08BC0DB001}.Ad-Hoc|iPhone.Build.0 = Release|Any CPU
		{BB0B6E37-91AA-452D-8B63-AD08BC0DB001}.Ad-Hoc|iPhone.Deploy.0 = Release|Any CPU
		{BB0B6E37-91AA-452D-8B63-AD08BC0DB001}.Ad-Hoc|iPhoneSimulator.ActiveCfg = Release|Any CPU
		{BB0B6E37-91AA-452D-8B63-AD08BC0DB001}.Ad-Hoc|iPhoneSimulator.Build.0 = Release|Any CPU
		{BB0B6E37-91AA-452D-8B63-AD08BC0DB001}.Ad-Hoc|iPhoneSimulator.Deploy.0 = Release|Any CPU
		{BB0B6E37-91AA-452D-8B63-AD08BC0DB001}.Ad-Hoc|x64.ActiveCfg = Release|x64
		{BB0B6E37-91AA-452D-8B63-AD08BC0DB001}.Ad-Hoc|x64.Build.0 = Release|x64
		{BB0B6E37-91AA-452D-8B63-AD08BC0DB001}.Ad-Hoc|x64.Deploy.0 = Release|x64
		{BB0B6E37-91AA-452D-8B63-AD08BC0DB001}.Ad-Hoc|x86.ActiveCfg = Release|x86
		{BB0B6E37-91AA-452D-8B63-AD08BC0DB001}.Ad-Hoc|x86.Build.0 = Release|x86
		{BB0B6E37-91AA-452D-8B63-AD08BC0DB001}.Ad-Hoc|x86.Deploy.0 = Release|x86
		{BB0B6E37-91AA-452D-8B63-AD08BC0DB001}.AppStore|Any CPU.ActiveCfg = Release|Any CPU
		{BB0B6E37-91AA-452D-8B63-AD08BC0DB001}.AppStore|Any CPU.Build.0 = Release|Any CPU
		{BB0B6E37-91AA-452D-8B63-AD08BC0DB001}.AppStore|Any CPU.Deploy.0 = Release|Any CPU
		{BB0B6E37-91AA-452D-8B63-AD08BC0DB001}.AppStore|ARM.ActiveCfg = Release|ARM
		{BB0B6E37-91AA-452D-8B63-AD08BC0DB001}.AppStore|ARM.Build.0 = Release|ARM
		{BB0B6E37-91AA-452D-8B63-AD08BC0DB001}.AppStore|ARM.Deploy.0 = Release|ARM
		{BB0B6E37-91AA-452D-8B63-AD08BC0DB001}.AppStore|iPhone.ActiveCfg = Release|Any CPU
		{BB0B6E37-91AA-452D-8B63-AD08BC0DB001}.AppStore|iPhone.Build.0 = Release|Any CPU
		{BB0B6E37-91AA-452D-8B63-AD08BC0DB001}.AppStore|iPhone.Deploy.0 = Release|Any CPU
		{BB0B6E37-91AA-452D-8B63-AD08BC0DB001}.AppStore|iPhoneSimulator.ActiveCfg = Release|Any CPU
		{BB0B6E37-91AA-452D-8B63-AD08BC0DB001}.AppStore|iPhoneSimulator.Build.0 = Release|Any CPU
		{BB0B6E37-91AA-452D-8B63-AD08BC0DB001}.AppStore|iPhoneSimulator.Deploy.0 = Release|Any CPU
		{BB0B6E37-91AA-452D-8B63-AD08BC0DB001}.AppStore|x64.ActiveCfg = Release|x64
		{BB0B6E37-91AA-452D-8B63-AD08BC0DB001}.AppStore|x64.Build.0 = Release|x64
		{BB0B6E37-91AA-452D-8B63-AD08BC0DB001}.AppStore|x64.Deploy.0 = Release|x64
		{BB0B6E37-91AA-452D-8B63-AD08BC0DB001}.AppStore|x86.ActiveCfg = Release|x86
		{BB0B6E37-91AA-452D-8B63-AD08BC0DB001}.AppStore|x86.Build.0 = Release|x86
		{BB0B6E37-91AA-452D-8B63-AD08BC0DB001}.AppStore|x86.Deploy.0 = Release|x86
		{BB0B6E37-91AA-452D-8B63-AD08BC0DB001}.Debug|Any CPU.ActiveCfg = Debug|Any CPU
		{BB0B6E37-91AA-452D-8B63-AD08BC0DB001}.Debug|Any CPU.Build.0 = Debug|Any CPU
		{BB0B6E37-91AA-452D-8B63-AD08BC0DB001}.Debug|Any CPU.Deploy.0 = Debug|Any CPU
		{BB0B6E37-91AA-452D-8B63-AD08BC0DB001}.Debug|ARM.ActiveCfg = Debug|ARM
		{BB0B6E37-91AA-452D-8B63-AD08BC0DB001}.Debug|ARM.Build.0 = Debug|ARM
		{BB0B6E37-91AA-452D-8B63-AD08BC0DB001}.Debug|ARM.Deploy.0 = Debug|ARM
		{BB0B6E37-91AA-452D-8B63-AD08BC0DB001}.Debug|iPhone.ActiveCfg = Debug|Any CPU
		{BB0B6E37-91AA-452D-8B63-AD08BC0DB001}.Debug|iPhone.Build.0 = Debug|Any CPU
		{BB0B6E37-91AA-452D-8B63-AD08BC0DB001}.Debug|iPhone.Deploy.0 = Debug|Any CPU
		{BB0B6E37-91AA-452D-8B63-AD08BC0DB001}.Debug|iPhoneSimulator.ActiveCfg = Debug|Any CPU
		{BB0B6E37-91AA-452D-8B63-AD08BC0DB001}.Debug|iPhoneSimulator.Build.0 = Debug|Any CPU
		{BB0B6E37-91AA-452D-8B63-AD08BC0DB001}.Debug|iPhoneSimulator.Deploy.0 = Debug|Any CPU
		{BB0B6E37-91AA-452D-8B63-AD08BC0DB001}.Debug|x64.ActiveCfg = Debug|x64
		{BB0B6E37-91AA-452D-8B63-AD08BC0DB001}.Debug|x64.Build.0 = Debug|x64
		{BB0B6E37-91AA-452D-8B63-AD08BC0DB001}.Debug|x64.Deploy.0 = Debug|x64
		{BB0B6E37-91AA-452D-8B63-AD08BC0DB001}.Debug|x86.ActiveCfg = Debug|x86
		{BB0B6E37-91AA-452D-8B63-AD08BC0DB001}.Debug|x86.Build.0 = Debug|x86
		{BB0B6E37-91AA-452D-8B63-AD08BC0DB001}.Debug|x86.Deploy.0 = Debug|x86
		{BB0B6E37-91AA-452D-8B63-AD08BC0DB001}.Release|Any CPU.ActiveCfg = Release|Any CPU
		{BB0B6E37-91AA-452D-8B63-AD08BC0DB001}.Release|Any CPU.Build.0 = Release|Any CPU
		{BB0B6E37-91AA-452D-8B63-AD08BC0DB001}.Release|Any CPU.Deploy.0 = Release|Any CPU
		{BB0B6E37-91AA-452D-8B63-AD08BC0DB001}.Release|ARM.ActiveCfg = Release|ARM
		{BB0B6E37-91AA-452D-8B63-AD08BC0DB001}.Release|ARM.Build.0 = Release|ARM
		{BB0B6E37-91AA-452D-8B63-AD08BC0DB001}.Release|ARM.Deploy.0 = Release|ARM
		{BB0B6E37-91AA-452D-8B63-AD08BC0DB001}.Release|iPhone.ActiveCfg = Release|Any CPU
		{BB0B6E37-91AA-452D-8B63-AD08BC0DB001}.Release|iPhone.Build.0 = Release|Any CPU
		{BB0B6E37-91AA-452D-8B63-AD08BC0DB001}.Release|iPhone.Deploy.0 = Release|Any CPU
		{BB0B6E37-91AA-452D-8B63-AD08BC0DB001}.Release|iPhoneSimulator.ActiveCfg = Release|Any CPU
		{BB0B6E37-91AA-452D-8B63-AD08BC0DB001}.Release|iPhoneSimulator.Build.0 = Release|Any CPU
		{BB0B6E37-91AA-452D-8B63-AD08BC0DB001}.Release|iPhoneSimulator.Deploy.0 = Release|Any CPU
		{BB0B6E37-91AA-452D-8B63-AD08BC0DB001}.Release|x64.ActiveCfg = Release|x64
		{BB0B6E37-91AA-452D-8B63-AD08BC0DB001}.Release|x64.Build.0 = Release|x64
		{BB0B6E37-91AA-452D-8B63-AD08BC0DB001}.Release|x64.Deploy.0 = Release|x64
		{BB0B6E37-91AA-452D-8B63-AD08BC0DB001}.Release|x86.ActiveCfg = Release|x86
		{BB0B6E37-91AA-452D-8B63-AD08BC0DB001}.Release|x86.Build.0 = Release|x86
		{BB0B6E37-91AA-452D-8B63-AD08BC0DB001}.Release|x86.Deploy.0 = Release|x86
		{B82AF076-569F-4816-9F10-FD68576E382A}.Ad-Hoc|Any CPU.ActiveCfg = Release|Any CPU
		{B82AF076-569F-4816-9F10-FD68576E382A}.Ad-Hoc|Any CPU.Build.0 = Release|Any CPU
		{B82AF076-569F-4816-9F10-FD68576E382A}.Ad-Hoc|ARM.ActiveCfg = Release|Any CPU
		{B82AF076-569F-4816-9F10-FD68576E382A}.Ad-Hoc|ARM.Build.0 = Release|Any CPU
		{B82AF076-569F-4816-9F10-FD68576E382A}.Ad-Hoc|iPhone.ActiveCfg = Release|Any CPU
		{B82AF076-569F-4816-9F10-FD68576E382A}.Ad-Hoc|iPhone.Build.0 = Release|Any CPU
		{B82AF076-569F-4816-9F10-FD68576E382A}.Ad-Hoc|iPhoneSimulator.ActiveCfg = Release|Any CPU
		{B82AF076-569F-4816-9F10-FD68576E382A}.Ad-Hoc|iPhoneSimulator.Build.0 = Release|Any CPU
		{B82AF076-569F-4816-9F10-FD68576E382A}.Ad-Hoc|x64.ActiveCfg = Release|Any CPU
		{B82AF076-569F-4816-9F10-FD68576E382A}.Ad-Hoc|x64.Build.0 = Release|Any CPU
		{B82AF076-569F-4816-9F10-FD68576E382A}.Ad-Hoc|x86.ActiveCfg = Release|Any CPU
		{B82AF076-569F-4816-9F10-FD68576E382A}.Ad-Hoc|x86.Build.0 = Release|Any CPU
		{B82AF076-569F-4816-9F10-FD68576E382A}.AppStore|Any CPU.ActiveCfg = Release|Any CPU
		{B82AF076-569F-4816-9F10-FD68576E382A}.AppStore|Any CPU.Build.0 = Release|Any CPU
		{B82AF076-569F-4816-9F10-FD68576E382A}.AppStore|ARM.ActiveCfg = Release|Any CPU
		{B82AF076-569F-4816-9F10-FD68576E382A}.AppStore|ARM.Build.0 = Release|Any CPU
		{B82AF076-569F-4816-9F10-FD68576E382A}.AppStore|iPhone.ActiveCfg = Release|Any CPU
		{B82AF076-569F-4816-9F10-FD68576E382A}.AppStore|iPhone.Build.0 = Release|Any CPU
		{B82AF076-569F-4816-9F10-FD68576E382A}.AppStore|iPhoneSimulator.ActiveCfg = Release|Any CPU
		{B82AF076-569F-4816-9F10-FD68576E382A}.AppStore|iPhoneSimulator.Build.0 = Release|Any CPU
		{B82AF076-569F-4816-9F10-FD68576E382A}.AppStore|x64.ActiveCfg = Release|Any CPU
		{B82AF076-569F-4816-9F10-FD68576E382A}.AppStore|x64.Build.0 = Release|Any CPU
		{B82AF076-569F-4816-9F10-FD68576E382A}.AppStore|x86.ActiveCfg = Release|Any CPU
		{B82AF076-569F-4816-9F10-FD68576E382A}.AppStore|x86.Build.0 = Release|Any CPU
		{B82AF076-569F-4816-9F10-FD68576E382A}.Debug|Any CPU.ActiveCfg = Debug|Any CPU
		{B82AF076-569F-4816-9F10-FD68576E382A}.Debug|Any CPU.Build.0 = Debug|Any CPU
		{B82AF076-569F-4816-9F10-FD68576E382A}.Debug|ARM.ActiveCfg = Debug|Any CPU
		{B82AF076-569F-4816-9F10-FD68576E382A}.Debug|ARM.Build.0 = Debug|Any CPU
		{B82AF076-569F-4816-9F10-FD68576E382A}.Debug|iPhone.ActiveCfg = Debug|Any CPU
		{B82AF076-569F-4816-9F10-FD68576E382A}.Debug|iPhone.Build.0 = Debug|Any CPU
		{B82AF076-569F-4816-9F10-FD68576E382A}.Debug|iPhoneSimulator.ActiveCfg = Debug|Any CPU
		{B82AF076-569F-4816-9F10-FD68576E382A}.Debug|iPhoneSimulator.Build.0 = Debug|Any CPU
		{B82AF076-569F-4816-9F10-FD68576E382A}.Debug|x64.ActiveCfg = Debug|Any CPU
		{B82AF076-569F-4816-9F10-FD68576E382A}.Debug|x64.Build.0 = Debug|Any CPU
		{B82AF076-569F-4816-9F10-FD68576E382A}.Debug|x86.ActiveCfg = Debug|Any CPU
		{B82AF076-569F-4816-9F10-FD68576E382A}.Debug|x86.Build.0 = Debug|Any CPU
		{B82AF076-569F-4816-9F10-FD68576E382A}.Release|Any CPU.ActiveCfg = Release|Any CPU
		{B82AF076-569F-4816-9F10-FD68576E382A}.Release|Any CPU.Build.0 = Release|Any CPU
		{B82AF076-569F-4816-9F10-FD68576E382A}.Release|ARM.ActiveCfg = Release|Any CPU
		{B82AF076-569F-4816-9F10-FD68576E382A}.Release|ARM.Build.0 = Release|Any CPU
		{B82AF076-569F-4816-9F10-FD68576E382A}.Release|iPhone.ActiveCfg = Release|Any CPU
		{B82AF076-569F-4816-9F10-FD68576E382A}.Release|iPhone.Build.0 = Release|Any CPU
		{B82AF076-569F-4816-9F10-FD68576E382A}.Release|iPhoneSimulator.ActiveCfg = Release|Any CPU
		{B82AF076-569F-4816-9F10-FD68576E382A}.Release|iPhoneSimulator.Build.0 = Release|Any CPU
		{B82AF076-569F-4816-9F10-FD68576E382A}.Release|x64.ActiveCfg = Release|Any CPU
		{B82AF076-569F-4816-9F10-FD68576E382A}.Release|x64.Build.0 = Release|Any CPU
		{B82AF076-569F-4816-9F10-FD68576E382A}.Release|x86.ActiveCfg = Release|Any CPU
		{B82AF076-569F-4816-9F10-FD68576E382A}.Release|x86.Build.0 = Release|Any CPU
	EndGlobalSection
	GlobalSection(SolutionProperties) = preSolution
		HideSolutionNode = FALSE
	EndGlobalSection
EndGlobal
